
Microsoft Visual Studio Solution File, Format Version 12.00
# Visual Studio Version 17
VisualStudioVersion = 17.4.33205.214
MinimumVisualStudioVersion = 10.0.40219.1
Project("{FAE04EC0-301F-11D3-BF4B-00C04F79EFBC}") = "PracticeProblem4B", "PracticeProblem4B\PracticeProblem4B.csproj", "{989F2EEC-8AC6-4F73-B935-4903CF74FFBD}"
EndProject
Global
	GlobalSection(SolutionConfigurationPlatforms) = preSolution
		Debug|Any CPU = Debug|Any CPU
		Release|Any CPU = Release|Any CPU
	EndGlobalSection
	GlobalSection(ProjectConfigurationPlatforms) = postSolution
		{989F2EEC-8AC6-4F73-B935-4903CF74FFBD}.Debug|Any CPU.ActiveCfg = Debug|Any CPU
		{989F2EEC-8AC6-4F73-B935-4903CF74FFBD}.Debug|Any CPU.Build.0 = Debug|Any CPU
		{989F2EEC-8AC6-4F73-B935-4903CF74FFBD}.Release|Any CPU.ActiveCfg = Release|Any CPU
		{989F2EEC-8AC6-4F73-B935-4903CF74FFBD}.Release|Any CPU.Build.0 = Release|Any CPU
	EndGlobalSection
	GlobalSection(SolutionProperties) = preSolution
		HideSolutionNode = FALSE
	EndGlobalSection
	GlobalSection(ExtensibilityGlobals) = postSolution
		SolutionGuid = {E7482890-8AA6-4FB1-BA54-6542F110CA13}
	EndGlobalSection
EndGlobal
